
Microsoft Visual Studio Solution File, Format Version 12.00
# Visual Studio Version 17
VisualStudioVersion = 17.11.35327.3
MinimumVisualStudioVersion = 10.0.40219.1
Project("{9A19103F-16F7-4668-BE54-9A1E7A4F7556}") = "readAccess", "readAccess\readAccess.csproj", "{800EC9CD-FAF2-4D89-901B-F303A9F9EB22}"
EndProject
Project("{E53339B2-1760-4266-BCC7-CA923CBCF16C}") = "docker-compose", "docker-compose.dcproj", "{5D45FF05-BDCF-436A-A481-E2BCAFE66659}"
EndProject
Global
	GlobalSection(SolutionConfigurationPlatforms) = preSolution
		Debug|Any CPU = Debug|Any CPU
		Release|Any CPU = Release|Any CPU
	EndGlobalSection
	GlobalSection(ProjectConfigurationPlatforms) = postSolution
		{800EC9CD-FAF2-4D89-901B-F303A9F9EB22}.Debug|Any CPU.ActiveCfg = Debug|Any CPU
		{800EC9CD-FAF2-4D89-901B-F303A9F9EB22}.Debug|Any CPU.Build.0 = Debug|Any CPU
		{800EC9CD-FAF2-4D89-901B-F303A9F9EB22}.Release|Any CPU.ActiveCfg = Release|Any CPU
		{800EC9CD-FAF2-4D89-901B-F303A9F9EB22}.Release|Any CPU.Build.0 = Release|Any CPU
		{5D45FF05-BDCF-436A-A481-E2BCAFE66659}.Debug|Any CPU.ActiveCfg = Debug|Any CPU
		{5D45FF05-BDCF-436A-A481-E2BCAFE66659}.Debug|Any CPU.Build.0 = Debug|Any CPU
		{5D45FF05-BDCF-436A-A481-E2BCAFE66659}.Release|Any CPU.ActiveCfg = Release|Any CPU
		{5D45FF05-BDCF-436A-A481-E2BCAFE66659}.Release|Any CPU.Build.0 = Release|Any CPU
	EndGlobalSection
	GlobalSection(SolutionProperties) = preSolution
		HideSolutionNode = FALSE
	EndGlobalSection
	GlobalSection(ExtensibilityGlobals) = postSolution
		SolutionGuid = {53A507E3-7C5B-476D-BE16-3124618E5383}
	EndGlobalSection
EndGlobal
